// !$*UTF8*$!
{
	archiveVersion = 1;
	classes = {
	};
	objectVersion = 48;
	objects = {

/* Begin PBXBuildFile section */
		84120B4F1FCB6EB600068E60 /* main.cpp in Sources */ = {isa = PBXBuildFile; fileRef = 84120B4E1FCB6EB600068E60 /* main.cpp */; };
		84120B571FCB806200068E60 /* Duck.cpp in Sources */ = {isa = PBXBuildFile; fileRef = 84120B551FCB806200068E60 /* Duck.cpp */; };
		84120B591FCB810B00068E60 /* WeatherStation.cpp in Sources */ = {isa = PBXBuildFile; fileRef = 84120B581FCB810B00068E60 /* WeatherStation.cpp */; };
		848B8CD21FCDDD0B003E4C82 /* WeatherData.cpp in Sources */ = {isa = PBXBuildFile; fileRef = 848B8CD11FCDDD0B003E4C82 /* WeatherData.cpp */; };
		848B8CD41FCDDDA8003E4C82 /* CurrentConditionsDisplay.cpp in Sources */ = {isa = PBXBuildFile; fileRef = 848B8CD31FCDDDA8003E4C82 /* CurrentConditionsDisplay.cpp */; };
		848B8CD61FCDDFE3003E4C82 /* Observer.cpp in Sources */ = {isa = PBXBuildFile; fileRef = 848B8CD51FCDDFE3003E4C82 /* Observer.cpp */; };
		848B8CD81FCDDFFA003E4C82 /* DisplayElement.cpp in Sources */ = {isa = PBXBuildFile; fileRef = 848B8CD71FCDDFFA003E4C82 /* DisplayElement.cpp */; };
		848B8CDA1FCDE00C003E4C82 /* Subject.cpp in Sources */ = {isa = PBXBuildFile; fileRef = 848B8CD91FCDE00C003E4C82 /* Subject.cpp */; };
		848B8CDC1FCDE1E2003E4C82 /* StatisticsDisplay.cpp in Sources */ = {isa = PBXBuildFile; fileRef = 848B8CDB1FCDE1E2003E4C82 /* StatisticsDisplay.cpp */; };
		848B8CDE1FCDEA2B003E4C82 /* ForecastDisplay.cpp in Sources */ = {isa = PBXBuildFile; fileRef = 848B8CDD1FCDEA2B003E4C82 /* ForecastDisplay.cpp */; };
/* End PBXBuildFile section */

/* Begin PBXCopyFilesBuildPhase section */
		84120B491FCB6EB600068E60 /* CopyFiles */ = {
			isa = PBXCopyFilesBuildPhase;
			buildActionMask = 2147483647;
			dstPath = /usr/share/man/man1/;
			dstSubfolderSpec = 0;
			files = (
			);
			runOnlyForDeploymentPostprocessing = 1;
		};
/* End PBXCopyFilesBuildPhase section */

/* Begin PBXFileReference section */
		84120B4B1FCB6EB600068E60 /* DesignPatterns */ = {isa = PBXFileReference; explicitFileType = "compiled.mach-o.executable"; includeInIndex = 0; path = DesignPatterns; sourceTree = BUILT_PRODUCTS_DIR; };
		84120B4E1FCB6EB600068E60 /* main.cpp */ = {isa = PBXFileReference; lastKnownFileType = sourcecode.cpp.cpp; path = main.cpp; sourceTree = "<group>"; };
		84120B551FCB806200068E60 /* Duck.cpp */ = {isa = PBXFileReference; lastKnownFileType = sourcecode.cpp.cpp; path = Duck.cpp; sourceTree = "<group>"; };
		84120B581FCB810B00068E60 /* WeatherStation.cpp */ = {isa = PBXFileReference; lastKnownFileType = sourcecode.cpp.cpp; path = WeatherStation.cpp; sourceTree = "<group>"; };
		848B8CD11FCDDD0B003E4C82 /* WeatherData.cpp */ = {isa = PBXFileReference; lastKnownFileType = sourcecode.cpp.cpp; path = WeatherData.cpp; sourceTree = "<group>"; };
		848B8CD31FCDDDA8003E4C82 /* CurrentConditionsDisplay.cpp */ = {isa = PBXFileReference; lastKnownFileType = sourcecode.cpp.cpp; path = CurrentConditionsDisplay.cpp; sourceTree = "<group>"; };
		848B8CD51FCDDFE3003E4C82 /* Observer.cpp */ = {isa = PBXFileReference; lastKnownFileType = sourcecode.cpp.cpp; path = Observer.cpp; sourceTree = "<group>"; };
		848B8CD71FCDDFFA003E4C82 /* DisplayElement.cpp */ = {isa = PBXFileReference; lastKnownFileType = sourcecode.cpp.cpp; path = DisplayElement.cpp; sourceTree = "<group>"; };
		848B8CD91FCDE00C003E4C82 /* Subject.cpp */ = {isa = PBXFileReference; lastKnownFileType = sourcecode.cpp.cpp; path = Subject.cpp; sourceTree = "<group>"; };
		848B8CDB1FCDE1E2003E4C82 /* StatisticsDisplay.cpp */ = {isa = PBXFileReference; lastKnownFileType = sourcecode.cpp.cpp; path = StatisticsDisplay.cpp; sourceTree = "<group>"; };
		848B8CDD1FCDEA2B003E4C82 /* ForecastDisplay.cpp */ = {isa = PBXFileReference; lastKnownFileType = sourcecode.cpp.cpp; path = ForecastDisplay.cpp; sourceTree = "<group>"; };
/* End PBXFileReference section */

/* Begin PBXFrameworksBuildPhase section */
		84120B481FCB6EB600068E60 /* Frameworks */ = {
			isa = PBXFrameworksBuildPhase;
			buildActionMask = 2147483647;
			files = (
			);
			runOnlyForDeploymentPostprocessing = 0;
		};
/* End PBXFrameworksBuildPhase section */

/* Begin PBXGroup section */
		84120B421FCB6EB600068E60 = {
			isa = PBXGroup;
			children = (
				84120B4D1FCB6EB600068E60 /* DesignPatterns */,
				84120B4C1FCB6EB600068E60 /* Products */,
			);
			sourceTree = "<group>";
		};
		84120B4C1FCB6EB600068E60 /* Products */ = {
			isa = PBXGroup;
			children = (
				84120B4B1FCB6EB600068E60 /* DesignPatterns */,
			);
			name = Products;
			sourceTree = "<group>";
		};
		84120B4D1FCB6EB600068E60 /* DesignPatterns */ = {
			isa = PBXGroup;
			children = (
				84120B4E1FCB6EB600068E60 /* main.cpp */,
				84120B551FCB806200068E60 /* Duck.cpp */,
				84120B581FCB810B00068E60 /* WeatherStation.cpp */,
				848B8CD11FCDDD0B003E4C82 /* WeatherData.cpp */,
				848B8CD31FCDDDA8003E4C82 /* CurrentConditionsDisplay.cpp */,
				848B8CD51FCDDFE3003E4C82 /* Observer.cpp */,
				848B8CD71FCDDFFA003E4C82 /* DisplayElement.cpp */,
				848B8CD91FCDE00C003E4C82 /* Subject.cpp */,
				848B8CDB1FCDE1E2003E4C82 /* StatisticsDisplay.cpp */,
				848B8CDD1FCDEA2B003E4C82 /* ForecastDisplay.cpp */,
			);
			path = DesignPatterns;
			sourceTree = "<group>";
		};
/* End PBXGroup section */

/* Begin PBXNativeTarget section */
		84120B4A1FCB6EB600068E60 /* DesignPatterns */ = {
			isa = PBXNativeTarget;
			buildConfigurationList = 84120B521FCB6EB600068E60 /* Build configuration list for PBXNativeTarget "DesignPatterns" */;
			buildPhases = (
				84120B471FCB6EB600068E60 /* Sources */,
				84120B481FCB6EB600068E60 /* Frameworks */,
				84120B491FCB6EB600068E60 /* CopyFiles */,
			);
			buildRules = (
			);
			dependencies = (
			);
			name = DesignPatterns;
			productName = DesignPatterns;
			productReference = 84120B4B1FCB6EB600068E60 /* DesignPatterns */;
			productType = "com.apple.product-type.tool";
		};
/* End PBXNativeTarget section */

/* Begin PBXProject section */
		84120B431FCB6EB600068E60 /* Project object */ = {
			isa = PBXProject;
			attributes = {
				LastUpgradeCheck = 0910;
				ORGANIZATIONNAME = "Vasilev corp.";
				TargetAttributes = {
					84120B4A1FCB6EB600068E60 = {
						CreatedOnToolsVersion = 9.1;
						ProvisioningStyle = Automatic;
					};
				};
			};
			buildConfigurationList = 84120B461FCB6EB600068E60 /* Build configuration list for PBXProject "DesignPatterns" */;
			compatibilityVersion = "Xcode 8.0";
			developmentRegion = en;
			hasScannedForEncodings = 0;
			knownRegions = (
				en,
			);
			mainGroup = 84120B421FCB6EB600068E60;
			productRefGroup = 84120B4C1FCB6EB600068E60 /* Products */;
			projectDirPath = "";
			projectRoot = "";
			targets = (
				84120B4A1FCB6EB600068E60 /* DesignPatterns */,
			);
		};
/* End PBXProject section */

/* Begin PBXSourcesBuildPhase section */
		84120B471FCB6EB600068E60 /* Sources */ = {
			isa = PBXSourcesBuildPhase;
			buildActionMask = 2147483647;
			files = (
				848B8CD41FCDDDA8003E4C82 /* CurrentConditionsDisplay.cpp in Sources */,
				848B8CD61FCDDFE3003E4C82 /* Observer.cpp in Sources */,
				84120B571FCB806200068E60 /* Duck.cpp in Sources */,
				84120B4F1FCB6EB600068E60 /* main.cpp in Sources */,
				848B8CDA1FCDE00C003E4C82 /* Subject.cpp in Sources */,
				848B8CDC1FCDE1E2003E4C82 /* StatisticsDisplay.cpp in Sources */,
				848B8CD21FCDDD0B003E4C82 /* WeatherData.cpp in Sources */,
				84120B591FCB810B00068E60 /* WeatherStation.cpp in Sources */,
				848B8CD81FCDDFFA003E4C82 /* DisplayElement.cpp in Sources */,
				848B8CDE1FCDEA2B003E4C82 /* ForecastDisplay.cpp in Sources */,
			);
			runOnlyForDeploymentPostprocessing = 0;
		};
/* End PBXSourcesBuildPhase section */

/* Begin XCBuildConfiguration section */
		84120B501FCB6EB600068E60 /* Debug */ = {
			isa = XCBuildConfiguration;
			buildSettings = {
				ALWAYS_SEARCH_USER_PATHS = NO;
				CLANG_ANALYZER_NONNULL = YES;
				CLANG_ANALYZER_NUMBER_OBJECT_CONVERSION = YES_AGGRESSIVE;
				CLANG_CXX_LANGUAGE_STANDARD = "gnu++14";
				CLANG_CXX_LIBRARY = "libc++";
				CLANG_ENABLE_MODULES = YES;
				CLANG_ENABLE_OBJC_ARC = YES;
				CLANG_WARN_BLOCK_CAPTURE_AUTORELEASING = YES;
				CLANG_WARN_BOOL_CONVERSION = YES;
				CLANG_WARN_COMMA = YES;
				CLANG_WARN_CONSTANT_CONVERSION = YES;
				CLANG_WARN_DIRECT_OBJC_ISA_USAGE = YES_ERROR;
				CLANG_WARN_DOCUMENTATION_COMMENTS = YES;
				CLANG_WARN_EMPTY_BODY = YES;
				CLANG_WARN_ENUM_CONVERSION = YES;
				CLANG_WARN_INFINITE_RECURSION = YES;
				CLANG_WARN_INT_CONVERSION = YES;
				CLANG_WARN_NON_LITERAL_NULL_CONVERSION = YES;
				CLANG_WARN_OBJC_LITERAL_CONVERSION = YES;
				CLANG_WARN_OBJC_ROOT_CLASS = YES_ERROR;
				CLANG_WARN_RANGE_LOOP_ANALYSIS = YES;
				CLANG_WARN_STRICT_PROTOTYPES = YES;
				CLANG_WARN_SUSPICIOUS_MOVE = YES;
				CLANG_WARN_UNGUARDED_AVAILABILITY = YES_AGGRESSIVE;
				CLANG_WARN_UNREACHABLE_CODE = YES;
				CLANG_WARN__DUPLICATE_METHOD_MATCH = YES;
				CODE_SIGN_IDENTITY = "-";
				COPY_PHASE_STRIP = NO;
				DEBUG_INFORMATION_FORMAT = dwarf;
				ENABLE_STRICT_OBJC_MSGSEND = YES;
				ENABLE_TESTABILITY = YES;
				GCC_C_LANGUAGE_STANDARD = gnu11;
				GCC_DYNAMIC_NO_PIC = NO;
				GCC_NO_COMMON_BLOCKS = YES;
				GCC_OPTIMIZATION_LEVEL = 0;
				GCC_PREPROCESSOR_DEFINITIONS = (
					"DEBUG=1",
					"$(inherited)",
				);
				GCC_WARN_64_TO_32_BIT_CONVERSION = YES;
				GCC_WARN_ABOUT_RETURN_TYPE = YES_ERROR;
				GCC_WARN_UNDECLARED_SELECTOR = YES;
				GCC_WARN_UNINITIALIZED_AUTOS = YES_AGGRESSIVE;
				GCC_WARN_UNUSED_FUNCTION = YES;
				GCC_WARN_UNUSED_VARIABLE = YES;
				MACOSX_DEPLOYMENT_TARGET = 10.12;
				MTL_ENABLE_DEBUG_INFO = YES;
				ONLY_ACTIVE_ARCH = YES;
				SDKROOT = macosx;
			};
			name = Debug;
		};
		84120B511FCB6EB600068E60 /* Release */ = {
			isa = XCBuildConfiguration;
			buildSettings = {
				ALWAYS_SEARCH_USER_PATHS = NO;
				CLANG_ANALYZER_NONNULL = YES;
				CLANG_ANALYZER_NUMBER_OBJECT_CONVERSION = YES_AGGRESSIVE;
				CLANG_CXX_LANGUAGE_STANDARD = "gnu++14";
				CLANG_CXX_LIBRARY = "libc++";
				CLANG_ENABLE_MODULES = YES;
				CLANG_ENABLE_OBJC_ARC = YES;
				CLANG_WARN_BLOCK_CAPTURE_AUTORELEASING = YES;
				CLANG_WARN_BOOL_CONVERSION = YES;
				CLANG_WARN_COMMA = YES;
				CLANG_WARN_CONSTANT_CONVERSION = YES;
				CLANG_WARN_DIRECT_OBJC_ISA_USAGE = YES_ERROR;
				CLANG_WARN_DOCUMENTATION_COMMENTS = YES;
				CLANG_WARN_EMPTY_BODY = YES;
				CLANG_WARN_ENUM_CONVERSION = YES;
				CLANG_WARN_INFINITE_RECURSION = YES;
				CLANG_WARN_INT_CONVERSION = YES;
				CLANG_WARN_NON_LITERAL_NULL_CONVERSION = YES;
				CLANG_WARN_OBJC_LITERAL_CONVERSION = YES;
				CLANG_WARN_OBJC_ROOT_CLASS = YES_ERROR;
				CLANG_WARN_RANGE_LOOP_ANALYSIS = YES;
				CLANG_WARN_STRICT_PROTOTYPES = YES;
				CLANG_WARN_SUSPICIOUS_MOVE = YES;
				CLANG_WARN_UNGUARDED_AVAILABILITY = YES_AGGRESSIVE;
				CLANG_WARN_UNREACHABLE_CODE = YES;
				CLANG_WARN__DUPLICATE_METHOD_MATCH = YES;
				CODE_SIGN_IDENTITY = "-";
				COPY_PHASE_STRIP = NO;
				DEBUG_INFORMATION_FORMAT = "dwarf-with-dsym";
				ENABLE_NS_ASSERTIONS = NO;
				ENABLE_STRICT_OBJC_MSGSEND = YES;
				GCC_C_LANGUAGE_STANDARD = gnu11;
				GCC_NO_COMMON_BLOCKS = YES;
				GCC_WARN_64_TO_32_BIT_CONVERSION = YES;
				GCC_WARN_ABOUT_RETURN_TYPE = YES_ERROR;
				GCC_WARN_UNDECLARED_SELECTOR = YES;
				GCC_WARN_UNINITIALIZED_AUTOS = YES_AGGRESSIVE;
				GCC_WARN_UNUSED_FUNCTION = YES;
				GCC_WARN_UNUSED_VARIABLE = YES;
				MACOSX_DEPLOYMENT_TARGET = 10.12;
				MTL_ENABLE_DEBUG_INFO = NO;
				SDKROOT = macosx;
			};
			name = Release;
		};
		84120B531FCB6EB600068E60 /* Debug */ = {
			isa = XCBuildConfiguration;
			buildSettings = {
				CODE_SIGN_STYLE = Automatic;
				PRODUCT_NAME = "$(TARGET_NAME)";
			};
			name = Debug;
		};
		84120B541FCB6EB600068E60 /* Release */ = {
			isa = XCBuildConfiguration;
			buildSettings = {
				CODE_SIGN_STYLE = Automatic;
				PRODUCT_NAME = "$(TARGET_NAME)";
			};
			name = Release;
		};
/* End XCBuildConfiguration section */

/* Begin XCConfigurationList section */
		84120B461FCB6EB600068E60 /* Build configuration list for PBXProject "DesignPatterns" */ = {
			isa = XCConfigurationList;
			buildConfigurations = (
				84120B501FCB6EB600068E60 /* Debug */,
				84120B511FCB6EB600068E60 /* Release */,
			);
			defaultConfigurationIsVisible = 0;
			defaultConfigurationName = Release;
		};
		84120B521FCB6EB600068E60 /* Build configuration list for PBXNativeTarget "DesignPatterns" */ = {
			isa = XCConfigurationList;
			buildConfigurations = (
				84120B531FCB6EB600068E60 /* Debug */,
				84120B541FCB6EB600068E60 /* Release */,
			);
			defaultConfigurationIsVisible = 0;
			defaultConfigurationName = Release;
		};
/* End XCConfigurationList section */
	};
	rootObject = 84120B431FCB6EB600068E60 /* Project object */;
}
